
Microsoft Visual Studio Solution File, Format Version 12.00
# Visual Studio Version 17
VisualStudioVersion = 17.5.33530.505
MinimumVisualStudioVersion = 10.0.40219.1
Project("{FAE04EC0-301F-11D3-BF4B-00C04F79EFBC}") = "temrin 2 c#", "temrin 2 c#\temrin 2 c#.csproj", "{0C6944A7-5031-4589-9210-7A8D98014145}"
EndProject
Global
	GlobalSection(SolutionConfigurationPlatforms) = preSolution
		Debug|Any CPU = Debug|Any CPU
		Release|Any CPU = Release|Any CPU
	EndGlobalSection
	GlobalSection(ProjectConfigurationPlatforms) = postSolution
		{0C6944A7-5031-4589-9210-7A8D98014145}.Debug|Any CPU.ActiveCfg = Debug|Any CPU
		{0C6944A7-5031-4589-9210-7A8D98014145}.Debug|Any CPU.Build.0 = Debug|Any CPU
		{0C6944A7-5031-4589-9210-7A8D98014145}.Release|Any CPU.ActiveCfg = Release|Any CPU
		{0C6944A7-5031-4589-9210-7A8D98014145}.Release|Any CPU.Build.0 = Release|Any CPU
	EndGlobalSection
	GlobalSection(SolutionProperties) = preSolution
		HideSolutionNode = FALSE
	EndGlobalSection
	GlobalSection(ExtensibilityGlobals) = postSolution
		SolutionGuid = {3C7BF093-1EA0-4092-B72A-207A9DF33CD3}
	EndGlobalSection
EndGlobal
